
Microsoft Visual Studio Solution File, Format Version 12.00
# Visual Studio Version 16
VisualStudioVersion = 16.0.30114.105
MinimumVisualStudioVersion = 10.0.40219.1
Project("{2150E333-8FDC-42A3-9474-1A3956D46DE8}") = "Services", "Services", "{217C7172-D527-4C0D-B595-07D8AB30747C}"
EndProject
Project("{2150E333-8FDC-42A3-9474-1A3956D46DE8}") = "Registration", "Registration", "{9ED1E775-4F81-43A7-AC93-CE707501FBAF}"
EndProject
Project("{FAE04EC0-301F-11D3-BF4B-00C04F79EFBC}") = "Registration.API", "Services\Registration\Registration.API\Registration.API.csproj", "{0046232C-1A83-464F-B5D8-BDD50F661BE0}"
EndProject
Project("{FAE04EC0-301F-11D3-BF4B-00C04F79EFBC}") = "Registration.Core", "Services\Registration\Registration.Core\Registration.Core.csproj", "{2B3BAE11-4ABD-4147-A0CB-A193320DAF1A}"
EndProject
Project("{2150E333-8FDC-42A3-9474-1A3956D46DE8}") = "tests", "tests", "{2D656166-B526-4DE4-8924-014402BCAEAB}"
EndProject
Project("{2150E333-8FDC-42A3-9474-1A3956D46DE8}") = "Registration.Tests", "Registration.Tests", "{6163B2B7-8F92-4C20-A3D6-1B1FEA0799C3}"
EndProject
Project("{FAE04EC0-301F-11D3-BF4B-00C04F79EFBC}") = "Registration.Domain", "Tests\Registration.Tests\Registration.Domain\Registration.Domain.csproj", "{7E3BA658-1FCF-41D1-A78D-DECE746CD508}"
EndProject
Project("{FAE04EC0-301F-11D3-BF4B-00C04F79EFBC}") = "Registration.Infrastructure", "Services\Registration\Registration.Infrastructure\Registration.Infrastructure.csproj", "{78135FBB-C067-4097-8556-C50557E9B497}"
EndProject
Project("{FAE04EC0-301F-11D3-BF4B-00C04F79EFBC}") = "Registration.IoC", "Services\Registration\Registration.IoC\Registration.IoC.csproj", "{DD8EC78E-B77F-4685-AFBD-C1660DD26646}"
EndProject
Project("{2150E333-8FDC-42A3-9474-1A3956D46DE8}") = "Catalog", "Catalog", "{680F1318-B55D-4C2F-B3F4-85E5DAA5AC29}"
EndProject
Project("{FAE04EC0-301F-11D3-BF4B-00C04F79EFBC}") = "Catalog.API", "Services\Catalog\Catalog.API\Catalog.API.csproj", "{A4FE5CF2-38C2-49C1-A32E-A405B71C5010}"
EndProject
Project("{FAE04EC0-301F-11D3-BF4B-00C04F79EFBC}") = "Catalog.Core", "Services\Catalog\Catalog.Core\Catalog.Core.csproj", "{A11FBDC5-6FF3-4B40-A1C4-3150393B2443}"
EndProject
Project("{2150E333-8FDC-42A3-9474-1A3956D46DE8}") = "Catalog.Tests", "Catalog.Tests", "{69E02CD6-9E91-42E0-B176-BCB896797981}"
EndProject
Project("{FAE04EC0-301F-11D3-BF4B-00C04F79EFBC}") = "Domain.Tests", "Tests\Catalog.Tests\Domain.Tests\Domain.Tests.csproj", "{F242B5C7-995A-418D-A817-E666599153C8}"
EndProject
Project("{FAE04EC0-301F-11D3-BF4B-00C04F79EFBC}") = "Catalog.Infra", "Services\Catalog\Catalog.Infra\Catalog.Infra.csproj", "{6820DA1B-5CA0-43E7-935D-904E26451AA3}"
EndProject
Project("{FAE04EC0-301F-11D3-BF4B-00C04F79EFBC}") = "Infra.Tests", "Tests\Catalog.Tests\Infra.Tests\Infra.Tests.csproj", "{E44C6677-5BDD-4982-A919-BE70495C567D}"
EndProject
Project("{FAE04EC0-301F-11D3-BF4B-00C04F79EFBC}") = "Catalog.IoC", "Services\Catalog\Catalog.IoC\Catalog.IoC.csproj", "{E32D79B3-2BA0-4A97-97C6-60659589CE6F}"
EndProject
Global
	GlobalSection(SolutionConfigurationPlatforms) = preSolution
		Debug|Any CPU = Debug|Any CPU
		Release|Any CPU = Release|Any CPU
	EndGlobalSection
	GlobalSection(SolutionProperties) = preSolution
		HideSolutionNode = FALSE
	EndGlobalSection
	GlobalSection(NestedProjects) = preSolution
		{9ED1E775-4F81-43A7-AC93-CE707501FBAF} = {217C7172-D527-4C0D-B595-07D8AB30747C}
		{0046232C-1A83-464F-B5D8-BDD50F661BE0} = {9ED1E775-4F81-43A7-AC93-CE707501FBAF}
		{2B3BAE11-4ABD-4147-A0CB-A193320DAF1A} = {9ED1E775-4F81-43A7-AC93-CE707501FBAF}
		{6163B2B7-8F92-4C20-A3D6-1B1FEA0799C3} = {2D656166-B526-4DE4-8924-014402BCAEAB}
		{7E3BA658-1FCF-41D1-A78D-DECE746CD508} = {6163B2B7-8F92-4C20-A3D6-1B1FEA0799C3}
		{78135FBB-C067-4097-8556-C50557E9B497} = {9ED1E775-4F81-43A7-AC93-CE707501FBAF}
		{DD8EC78E-B77F-4685-AFBD-C1660DD26646} = {9ED1E775-4F81-43A7-AC93-CE707501FBAF}
		{680F1318-B55D-4C2F-B3F4-85E5DAA5AC29} = {217C7172-D527-4C0D-B595-07D8AB30747C}
		{A4FE5CF2-38C2-49C1-A32E-A405B71C5010} = {680F1318-B55D-4C2F-B3F4-85E5DAA5AC29}
		{A11FBDC5-6FF3-4B40-A1C4-3150393B2443} = {680F1318-B55D-4C2F-B3F4-85E5DAA5AC29}
		{69E02CD6-9E91-42E0-B176-BCB896797981} = {2D656166-B526-4DE4-8924-014402BCAEAB}
		{F242B5C7-995A-418D-A817-E666599153C8} = {69E02CD6-9E91-42E0-B176-BCB896797981}
		{6820DA1B-5CA0-43E7-935D-904E26451AA3} = {680F1318-B55D-4C2F-B3F4-85E5DAA5AC29}
		{E44C6677-5BDD-4982-A919-BE70495C567D} = {69E02CD6-9E91-42E0-B176-BCB896797981}
		{E32D79B3-2BA0-4A97-97C6-60659589CE6F} = {680F1318-B55D-4C2F-B3F4-85E5DAA5AC29}
	EndGlobalSection
	GlobalSection(ProjectConfigurationPlatforms) = postSolution
		{0046232C-1A83-464F-B5D8-BDD50F661BE0}.Debug|Any CPU.ActiveCfg = Debug|Any CPU
		{0046232C-1A83-464F-B5D8-BDD50F661BE0}.Debug|Any CPU.Build.0 = Debug|Any CPU
		{0046232C-1A83-464F-B5D8-BDD50F661BE0}.Release|Any CPU.ActiveCfg = Release|Any CPU
		{0046232C-1A83-464F-B5D8-BDD50F661BE0}.Release|Any CPU.Build.0 = Release|Any CPU
		{2B3BAE11-4ABD-4147-A0CB-A193320DAF1A}.Debug|Any CPU.ActiveCfg = Debug|Any CPU
		{2B3BAE11-4ABD-4147-A0CB-A193320DAF1A}.Debug|Any CPU.Build.0 = Debug|Any CPU
		{2B3BAE11-4ABD-4147-A0CB-A193320DAF1A}.Release|Any CPU.ActiveCfg = Release|Any CPU
		{2B3BAE11-4ABD-4147-A0CB-A193320DAF1A}.Release|Any CPU.Build.0 = Release|Any CPU
		{7E3BA658-1FCF-41D1-A78D-DECE746CD508}.Debug|Any CPU.ActiveCfg = Debug|Any CPU
		{7E3BA658-1FCF-41D1-A78D-DECE746CD508}.Debug|Any CPU.Build.0 = Debug|Any CPU
		{7E3BA658-1FCF-41D1-A78D-DECE746CD508}.Release|Any CPU.ActiveCfg = Release|Any CPU
		{7E3BA658-1FCF-41D1-A78D-DECE746CD508}.Release|Any CPU.Build.0 = Release|Any CPU
		{78135FBB-C067-4097-8556-C50557E9B497}.Debug|Any CPU.ActiveCfg = Debug|Any CPU
		{78135FBB-C067-4097-8556-C50557E9B497}.Debug|Any CPU.Build.0 = Debug|Any CPU
		{78135FBB-C067-4097-8556-C50557E9B497}.Release|Any CPU.ActiveCfg = Release|Any CPU
		{78135FBB-C067-4097-8556-C50557E9B497}.Release|Any CPU.Build.0 = Release|Any CPU
		{DD8EC78E-B77F-4685-AFBD-C1660DD26646}.Debug|Any CPU.ActiveCfg = Debug|Any CPU
		{DD8EC78E-B77F-4685-AFBD-C1660DD26646}.Debug|Any CPU.Build.0 = Debug|Any CPU
		{DD8EC78E-B77F-4685-AFBD-C1660DD26646}.Release|Any CPU.ActiveCfg = Release|Any CPU
		{DD8EC78E-B77F-4685-AFBD-C1660DD26646}.Release|Any CPU.Build.0 = Release|Any CPU
		{A4FE5CF2-38C2-49C1-A32E-A405B71C5010}.Debug|Any CPU.ActiveCfg = Debug|Any CPU
		{A4FE5CF2-38C2-49C1-A32E-A405B71C5010}.Debug|Any CPU.Build.0 = Debug|Any CPU
		{A4FE5CF2-38C2-49C1-A32E-A405B71C5010}.Release|Any CPU.ActiveCfg = Release|Any CPU
		{A4FE5CF2-38C2-49C1-A32E-A405B71C5010}.Release|Any CPU.Build.0 = Release|Any CPU
		{A11FBDC5-6FF3-4B40-A1C4-3150393B2443}.Debug|Any CPU.ActiveCfg = Debug|Any CPU
		{A11FBDC5-6FF3-4B40-A1C4-3150393B2443}.Debug|Any CPU.Build.0 = Debug|Any CPU
		{A11FBDC5-6FF3-4B40-A1C4-3150393B2443}.Release|Any CPU.ActiveCfg = Release|Any CPU
		{A11FBDC5-6FF3-4B40-A1C4-3150393B2443}.Release|Any CPU.Build.0 = Release|Any CPU
		{F242B5C7-995A-418D-A817-E666599153C8}.Debug|Any CPU.ActiveCfg = Debug|Any CPU
		{F242B5C7-995A-418D-A817-E666599153C8}.Debug|Any CPU.Build.0 = Debug|Any CPU
		{F242B5C7-995A-418D-A817-E666599153C8}.Release|Any CPU.ActiveCfg = Release|Any CPU
		{F242B5C7-995A-418D-A817-E666599153C8}.Release|Any CPU.Build.0 = Release|Any CPU
		{6820DA1B-5CA0-43E7-935D-904E26451AA3}.Debug|Any CPU.ActiveCfg = Debug|Any CPU
		{6820DA1B-5CA0-43E7-935D-904E26451AA3}.Debug|Any CPU.Build.0 = Debug|Any CPU
		{6820DA1B-5CA0-43E7-935D-904E26451AA3}.Release|Any CPU.ActiveCfg = Release|Any CPU
		{6820DA1B-5CA0-43E7-935D-904E26451AA3}.Release|Any CPU.Build.0 = Release|Any CPU
		{E44C6677-5BDD-4982-A919-BE70495C567D}.Debug|Any CPU.ActiveCfg = Debug|Any CPU
		{E44C6677-5BDD-4982-A919-BE70495C567D}.Debug|Any CPU.Build.0 = Debug|Any CPU
		{E44C6677-5BDD-4982-A919-BE70495C567D}.Release|Any CPU.ActiveCfg = Release|Any CPU
		{E44C6677-5BDD-4982-A919-BE70495C567D}.Release|Any CPU.Build.0 = Release|Any CPU
		{E32D79B3-2BA0-4A97-97C6-60659589CE6F}.Debug|Any CPU.ActiveCfg = Debug|Any CPU
		{E32D79B3-2BA0-4A97-97C6-60659589CE6F}.Debug|Any CPU.Build.0 = Debug|Any CPU
		{E32D79B3-2BA0-4A97-97C6-60659589CE6F}.Release|Any CPU.ActiveCfg = Release|Any CPU
		{E32D79B3-2BA0-4A97-97C6-60659589CE6F}.Release|Any CPU.Build.0 = Release|Any CPU
	EndGlobalSection
EndGlobal
